
Microsoft Visual Studio Solution File, Format Version 12.00
# Visual Studio Version 17
VisualStudioVersion = 17.7.34024.191
MinimumVisualStudioVersion = 10.0.40219.1
Project("{8BC9CEB8-8B4A-11D0-8D11-00A0C91BC942}") = "lab4", "lab4\lab4.vcxproj", "{8A778E3E-56F9-4B12-BD78-4D676B83A220}"
EndProject
Global
	GlobalSection(SolutionConfigurationPlatforms) = preSolution
		Debug|x64 = Debug|x64
		Debug|x86 = Debug|x86
		Release|x64 = Release|x64
		Release|x86 = Release|x86
	EndGlobalSection
	GlobalSection(ProjectConfigurationPlatforms) = postSolution
		{8A778E3E-56F9-4B12-BD78-4D676B83A220}.Debug|x64.ActiveCfg = Debug|x64
		{8A778E3E-56F9-4B12-BD78-4D676B83A220}.Debug|x64.Build.0 = Debug|x64
		{8A778E3E-56F9-4B12-BD78-4D676B83A220}.Debug|x86.ActiveCfg = Debug|Win32
		{8A778E3E-56F9-4B12-BD78-4D676B83A220}.Debug|x86.Build.0 = Debug|Win32
		{8A778E3E-56F9-4B12-BD78-4D676B83A220}.Release|x64.ActiveCfg = Release|x64
		{8A778E3E-56F9-4B12-BD78-4D676B83A220}.Release|x64.Build.0 = Release|x64
		{8A778E3E-56F9-4B12-BD78-4D676B83A220}.Release|x86.ActiveCfg = Release|Win32
		{8A778E3E-56F9-4B12-BD78-4D676B83A220}.Release|x86.Build.0 = Release|Win32
	EndGlobalSection
	GlobalSection(SolutionProperties) = preSolution
		HideSolutionNode = FALSE
	EndGlobalSection
	GlobalSection(ExtensibilityGlobals) = postSolution
		SolutionGuid = {289F043D-B173-43ED-9300-C60EBFA98296}
	EndGlobalSection
EndGlobal
